
Microsoft Visual Studio Solution File, Format Version 12.00
# Visual Studio Version 17
VisualStudioVersion = 17.8.34330.188
MinimumVisualStudioVersion = 10.0.40219.1
Project("{FAE04EC0-301F-11D3-BF4B-00C04F79EFBC}") = "student reg data", "student reg data\student reg data.csproj", "{B77BCD07-2EC1-47E1-A580-224C19FC889A}"
EndProject
Global
	GlobalSection(SolutionConfigurationPlatforms) = preSolution
		Debug|Any CPU = Debug|Any CPU
		Release|Any CPU = Release|Any CPU
	EndGlobalSection
	GlobalSection(ProjectConfigurationPlatforms) = postSolution
		{B77BCD07-2EC1-47E1-A580-224C19FC889A}.Debug|Any CPU.ActiveCfg = Debug|Any CPU
		{B77BCD07-2EC1-47E1-A580-224C19FC889A}.Debug|Any CPU.Build.0 = Debug|Any CPU
		{B77BCD07-2EC1-47E1-A580-224C19FC889A}.Release|Any CPU.ActiveCfg = Release|Any CPU
		{B77BCD07-2EC1-47E1-A580-224C19FC889A}.Release|Any CPU.Build.0 = Release|Any CPU
	EndGlobalSection
	GlobalSection(SolutionProperties) = preSolution
		HideSolutionNode = FALSE
	EndGlobalSection
	GlobalSection(ExtensibilityGlobals) = postSolution
		SolutionGuid = {CA38AB5A-27C9-47C3-83A9-B6A34806AB3C}
	EndGlobalSection
EndGlobal
